// !$*UTF8*$!
{
	archiveVersion = 1;
	classes = {
	};
	objectVersion = 46;
	objects = {

/* Begin PBXBuildFile section */
		430C63791538D7100028C2F9 /* icon.png in Resources */ = {isa = PBXBuildFile; fileRef = 430C63781538D7100028C2F9 /* icon.png */; };
		430C637B1538D7B50028C2F9 /* icon.png in Resources */ = {isa = PBXBuildFile; fileRef = 430C637A1538D7B50028C2F9 /* icon.png */; };
		43795ACC152F5F3A00D35ABC /* NISTRecallViewController.xib in Resources */ = {isa = PBXBuildFile; fileRef = 43795ACA152F5F3A00D35ABC /* NISTRecallViewController.xib */; };
		43795AD1152F622400D35ABC /* NISTThankYouViewController.m in Sources */ = {isa = PBXBuildFile; fileRef = 43795ACF152F622400D35ABC /* NISTThankYouViewController.m */; };
		43795AD2152F622400D35ABC /* NISTThankYouViewController.xib in Resources */ = {isa = PBXBuildFile; fileRef = 43795AD0152F622400D35ABC /* NISTThankYouViewController.xib */; };
		43795AD5152F63F300D35ABC /* NISTRecallViewController.m in Sources */ = {isa = PBXBuildFile; fileRef = 43795AD4152F63F300D35ABC /* NISTRecallViewController.m */; };
		438E35E915265D790011703F /* NISTMemorizeViewController.m in Sources */ = {isa = PBXBuildFile; fileRef = 438E35E715265D790011703F /* NISTMemorizeViewController.m */; };
		438E35EA15265D790011703F /* NISTMemorizeViewController.xib in Resources */ = {isa = PBXBuildFile; fileRef = 438E35E815265D790011703F /* NISTMemorizeViewController.xib */; };
		439E245A15361E7A00367DD3 /* background.png in Resources */ = {isa = PBXBuildFile; fileRef = 439E245715361E7A00367DD3 /* background.png */; };
		439E245B15361E7A00367DD3 /* BlueButton.png in Resources */ = {isa = PBXBuildFile; fileRef = 439E245815361E7A00367DD3 /* BlueButton.png */; };
		439E245C15361E7A00367DD3 /* BlueButtonTap.png in Resources */ = {isa = PBXBuildFile; fileRef = 439E245915361E7A00367DD3 /* BlueButtonTap.png */; };
		439EBA85152642B700F254C5 /* UIKit.framework in Frameworks */ = {isa = PBXBuildFile; fileRef = 439EBA84152642B700F254C5 /* UIKit.framework */; };
		439EBA87152642B700F254C5 /* Foundation.framework in Frameworks */ = {isa = PBXBuildFile; fileRef = 439EBA86152642B700F254C5 /* Foundation.framework */; };
		439EBA89152642B700F254C5 /* CoreGraphics.framework in Frameworks */ = {isa = PBXBuildFile; fileRef = 439EBA88152642B700F254C5 /* CoreGraphics.framework */; };
		439EBA8F152642B700F254C5 /* InfoPlist.strings in Resources */ = {isa = PBXBuildFile; fileRef = 439EBA8D152642B700F254C5 /* InfoPlist.strings */; };
		439EBA91152642B700F254C5 /* main.m in Sources */ = {isa = PBXBuildFile; fileRef = 439EBA90152642B700F254C5 /* main.m */; };
		439EBA95152642B700F254C5 /* NISTAppDelegate.m in Sources */ = {isa = PBXBuildFile; fileRef = 439EBA94152642B700F254C5 /* NISTAppDelegate.m */; };
		439EBA98152642B700F254C5 /* NISTParticipantViewController.m in Sources */ = {isa = PBXBuildFile; fileRef = 439EBA97152642B700F254C5 /* NISTParticipantViewController.m */; };
		439EBA9B152642B700F254C5 /* NISTReadyViewController.m in Sources */ = {isa = PBXBuildFile; fileRef = 439EBA9A152642B700F254C5 /* NISTReadyViewController.m */; };
		439EBA9E152642B700F254C5 /* NISTParticipantView.xib in Resources */ = {isa = PBXBuildFile; fileRef = 439EBA9C152642B700F254C5 /* NISTParticipantView.xib */; };
		439EBAA1152642B700F254C5 /* NISTReadyView.xib in Resources */ = {isa = PBXBuildFile; fileRef = 439EBA9F152642B700F254C5 /* NISTReadyView.xib */; };
		A1492E551531A3BA009FC40C /* NISTUserEvent.m in Sources */ = {isa = PBXBuildFile; fileRef = A1492E541531A3BA009FC40C /* NISTUserEvent.m */; };
		A16A1421152A562C00E14109 /* NISTVerifyViewController.m in Sources */ = {isa = PBXBuildFile; fileRef = A16A141F152A562B00E14109 /* NISTVerifyViewController.m */; };
		A16A1422152A562C00E14109 /* NISTVerifyViewController.xib in Resources */ = {isa = PBXBuildFile; fileRef = A16A1420152A562B00E14109 /* NISTVerifyViewController.xib */; };
		A16A1426152A5EBF00E14109 /* NISTTestViewController.m in Sources */ = {isa = PBXBuildFile; fileRef = A16A1424152A5EBF00E14109 /* NISTTestViewController.m */; };
		A16A1427152A5EBF00E14109 /* NISTTestViewController.xib in Resources */ = {isa = PBXBuildFile; fileRef = A16A1425152A5EBF00E14109 /* NISTTestViewController.xib */; };
		A179B2CA1539BCDB003C5A8C /* NISTApplication.m in Sources */ = {isa = PBXBuildFile; fileRef = A179B2C91539BCDB003C5A8C /* NISTApplication.m */; };
		A1BBF105153EE64900FE68EE /* NISTPerStringRolledUpData.m in Sources */ = {isa = PBXBuildFile; fileRef = A1BBF104153EE64900FE68EE /* NISTPerStringRolledUpData.m */; };
/* End PBXBuildFile section */

/* Begin PBXFileReference section */
		430C63781538D7100028C2F9 /* icon.png */ = {isa = PBXFileReference; lastKnownFileType = image.png; path = icon.png; sourceTree = "<group>"; };
		430C637A1538D7B50028C2F9 /* icon.png */ = {isa = PBXFileReference; lastKnownFileType = image.png; path = icon.png; sourceTree = "<group>"; };
		43795ACB152F5F3A00D35ABC /* en */ = {isa = PBXFileReference; lastKnownFileType = file.xib; name = en; path = en.lproj/NISTRecallViewController.xib; sourceTree = "<group>"; };
		43795ACE152F622400D35ABC /* NISTThankYouViewController.h */ = {isa = PBXFileReference; fileEncoding = 4; lastKnownFileType = sourcecode.c.h; path = NISTThankYouViewController.h; sourceTree = "<group>"; };
		43795ACF152F622400D35ABC /* NISTThankYouViewController.m */ = {isa = PBXFileReference; fileEncoding = 4; lastKnownFileType = sourcecode.c.objc; path = NISTThankYouViewController.m; sourceTree = "<group>"; };
		43795AD0152F622400D35ABC /* NISTThankYouViewController.xib */ = {isa = PBXFileReference; fileEncoding = 4; lastKnownFileType = file.xib; path = NISTThankYouViewController.xib; sourceTree = "<group>"; };
		43795AD3152F63F300D35ABC /* NISTRecallViewController.h */ = {isa = PBXFileReference; fileEncoding = 4; lastKnownFileType = sourcecode.c.h; path = NISTRecallViewController.h; sourceTree = "<group>"; };
		43795AD4152F63F300D35ABC /* NISTRecallViewController.m */ = {isa = PBXFileReference; fileEncoding = 4; lastKnownFileType = sourcecode.c.objc; path = NISTRecallViewController.m; sourceTree = "<group>"; };
		438E35E615265D790011703F /* NISTMemorizeViewController.h */ = {isa = PBXFileReference; fileEncoding = 4; lastKnownFileType = sourcecode.c.h; path = NISTMemorizeViewController.h; sourceTree = "<group>"; };
		438E35E715265D790011703F /* NISTMemorizeViewController.m */ = {isa = PBXFileReference; fileEncoding = 4; lastKnownFileType = sourcecode.c.objc; path = NISTMemorizeViewController.m; sourceTree = "<group>"; };
		438E35E815265D790011703F /* NISTMemorizeViewController.xib */ = {isa = PBXFileReference; fileEncoding = 4; lastKnownFileType = file.xib; path = NISTMemorizeViewController.xib; sourceTree = "<group>"; };
		439E245715361E7A00367DD3 /* background.png */ = {isa = PBXFileReference; lastKnownFileType = image.png; path = background.png; sourceTree = "<group>"; };
		439E245815361E7A00367DD3 /* BlueButton.png */ = {isa = PBXFileReference; lastKnownFileType = image.png; path = BlueButton.png; sourceTree = "<group>"; };
		439E245915361E7A00367DD3 /* BlueButtonTap.png */ = {isa = PBXFileReference; lastKnownFileType = image.png; path = BlueButtonTap.png; sourceTree = "<group>"; };
		439EBA80152642B700F254C5 /* PasswordTest.app */ = {isa = PBXFileReference; explicitFileType = wrapper.application; includeInIndex = 0; path = PasswordTest.app; sourceTree = BUILT_PRODUCTS_DIR; };
		439EBA84152642B700F254C5 /* UIKit.framework */ = {isa = PBXFileReference; lastKnownFileType = wrapper.framework; name = UIKit.framework; path = System/Library/Frameworks/UIKit.framework; sourceTree = SDKROOT; };
		439EBA86152642B700F254C5 /* Foundation.framework */ = {isa = PBXFileReference; lastKnownFileType = wrapper.framework; name = Foundation.framework; path = System/Library/Frameworks/Foundation.framework; sourceTree = SDKROOT; };
		439EBA88152642B700F254C5 /* CoreGraphics.framework */ = {isa = PBXFileReference; lastKnownFileType = wrapper.framework; name = CoreGraphics.framework; path = System/Library/Frameworks/CoreGraphics.framework; sourceTree = SDKROOT; };
		439EBA8C152642B700F254C5 /* PasswordTest-Info.plist */ = {isa = PBXFileReference; lastKnownFileType = text.plist.xml; path = "PasswordTest-Info.plist"; sourceTree = "<group>"; };
		439EBA8E152642B700F254C5 /* en */ = {isa = PBXFileReference; lastKnownFileType = text.plist.strings; name = en; path = en.lproj/InfoPlist.strings; sourceTree = "<group>"; };
		439EBA90152642B700F254C5 /* main.m */ = {isa = PBXFileReference; lastKnownFileType = sourcecode.c.objc; path = main.m; sourceTree = "<group>"; };
		439EBA92152642B700F254C5 /* PasswordTest-Prefix.pch */ = {isa = PBXFileReference; lastKnownFileType = sourcecode.c.h; path = "PasswordTest-Prefix.pch"; sourceTree = "<group>"; };
		439EBA93152642B700F254C5 /* NISTAppDelegate.h */ = {isa = PBXFileReference; lastKnownFileType = sourcecode.c.h; path = NISTAppDelegate.h; sourceTree = "<group>"; };
		439EBA94152642B700F254C5 /* NISTAppDelegate.m */ = {isa = PBXFileReference; lastKnownFileType = sourcecode.c.objc; path = NISTAppDelegate.m; sourceTree = "<group>"; };
		439EBA96152642B700F254C5 /* NISTParticipantViewController.h */ = {isa = PBXFileReference; lastKnownFileType = sourcecode.c.h; path = NISTParticipantViewController.h; sourceTree = "<group>"; };
		439EBA97152642B700F254C5 /* NISTParticipantViewController.m */ = {isa = PBXFileReference; lastKnownFileType = sourcecode.c.objc; path = NISTParticipantViewController.m; sourceTree = "<group>"; };
		439EBA99152642B700F254C5 /* NISTReadyViewController.h */ = {isa = PBXFileReference; lastKnownFileType = sourcecode.c.h; path = NISTReadyViewController.h; sourceTree = "<group>"; };
		439EBA9A152642B700F254C5 /* NISTReadyViewController.m */ = {isa = PBXFileReference; lastKnownFileType = sourcecode.c.objc; path = NISTReadyViewController.m; sourceTree = "<group>"; };
		439EBA9D152642B700F254C5 /* en */ = {isa = PBXFileReference; lastKnownFileType = file.xib; name = en; path = en.lproj/NISTParticipantView.xib; sourceTree = "<group>"; };
		439EBAA0152642B700F254C5 /* en */ = {isa = PBXFileReference; lastKnownFileType = file.xib; name = en; path = en.lproj/NISTReadyView.xib; sourceTree = "<group>"; };
		A1492E531531A3BA009FC40C /* NISTUserEvent.h */ = {isa = PBXFileReference; fileEncoding = 4; lastKnownFileType = sourcecode.c.h; path = NISTUserEvent.h; sourceTree = "<group>"; };
		A1492E541531A3BA009FC40C /* NISTUserEvent.m */ = {isa = PBXFileReference; fileEncoding = 4; lastKnownFileType = sourcecode.c.objc; path = NISTUserEvent.m; sourceTree = "<group>"; };
		A16A141E152A562B00E14109 /* NISTVerifyViewController.h */ = {isa = PBXFileReference; fileEncoding = 4; lastKnownFileType = sourcecode.c.h; path = NISTVerifyViewController.h; sourceTree = "<group>"; };
		A16A141F152A562B00E14109 /* NISTVerifyViewController.m */ = {isa = PBXFileReference; fileEncoding = 4; lastKnownFileType = sourcecode.c.objc; path = NISTVerifyViewController.m; sourceTree = "<group>"; };
		A16A1420152A562B00E14109 /* NISTVerifyViewController.xib */ = {isa = PBXFileReference; fileEncoding = 4; lastKnownFileType = file.xib; path = NISTVerifyViewController.xib; sourceTree = "<group>"; };
		A16A1423152A5EBF00E14109 /* NISTTestViewController.h */ = {isa = PBXFileReference; fileEncoding = 4; lastKnownFileType = sourcecode.c.h; path = NISTTestViewController.h; sourceTree = "<group>"; };
		A16A1424152A5EBF00E14109 /* NISTTestViewController.m */ = {isa = PBXFileReference; fileEncoding = 4; lastKnownFileType = sourcecode.c.objc; path = NISTTestViewController.m; sourceTree = "<group>"; };
		A16A1425152A5EBF00E14109 /* NISTTestViewController.xib */ = {isa = PBXFileReference; fileEncoding = 4; lastKnownFileType = file.xib; path = NISTTestViewController.xib; sourceTree = "<group>"; };
		A179B2C81539BCDB003C5A8C /* NISTApplication.h */ = {isa = PBXFileReference; fileEncoding = 4; lastKnownFileType = sourcecode.c.h; path = NISTApplication.h; sourceTree = "<group>"; };
		A179B2C91539BCDB003C5A8C /* NISTApplication.m */ = {isa = PBXFileReference; fileEncoding = 4; lastKnownFileType = sourcecode.c.objc; path = NISTApplication.m; sourceTree = "<group>"; };
		A1BBF103153EE64900FE68EE /* NISTPerStringRolledUpData.h */ = {isa = PBXFileReference; fileEncoding = 4; lastKnownFileType = sourcecode.c.h; path = NISTPerStringRolledUpData.h; sourceTree = "<group>"; };
		A1BBF104153EE64900FE68EE /* NISTPerStringRolledUpData.m */ = {isa = PBXFileReference; fileEncoding = 4; lastKnownFileType = sourcecode.c.objc; path = NISTPerStringRolledUpData.m; sourceTree = "<group>"; };
/* End PBXFileReference section */

/* Begin PBXFrameworksBuildPhase section */
		439EBA7D152642B700F254C5 /* Frameworks */ = {
			isa = PBXFrameworksBuildPhase;
			buildActionMask = 2147483647;
			files = (
				439EBA85152642B700F254C5 /* UIKit.framework in Frameworks */,
				439EBA87152642B700F254C5 /* Foundation.framework in Frameworks */,
				439EBA89152642B700F254C5 /* CoreGraphics.framework in Frameworks */,
			);
			runOnlyForDeploymentPostprocessing = 0;
		};
/* End PBXFrameworksBuildPhase section */

/* Begin PBXGroup section */
		439EBA75152642B700F254C5 = {
			isa = PBXGroup;
			children = (
				430C637A1538D7B50028C2F9 /* icon.png */,
				439EBA8A152642B700F254C5 /* PasswordTest */,
				439EBA83152642B700F254C5 /* Frameworks */,
				439EBA81152642B700F254C5 /* Products */,
			);
			sourceTree = "<group>";
		};
		439EBA81152642B700F254C5 /* Products */ = {
			isa = PBXGroup;
			children = (
				439EBA80152642B700F254C5 /* PasswordTest.app */,
			);
			name = Products;
			sourceTree = "<group>";
		};
		439EBA83152642B700F254C5 /* Frameworks */ = {
			isa = PBXGroup;
			children = (
				439EBA84152642B700F254C5 /* UIKit.framework */,
				439EBA86152642B700F254C5 /* Foundation.framework */,
				439EBA88152642B700F254C5 /* CoreGraphics.framework */,
			);
			name = Frameworks;
			sourceTree = "<group>";
		};
		439EBA8A152642B700F254C5 /* PasswordTest */ = {
			isa = PBXGroup;
			children = (
				A179B2C81539BCDB003C5A8C /* NISTApplication.h */,
				A179B2C91539BCDB003C5A8C /* NISTApplication.m */,
				A1492E531531A3BA009FC40C /* NISTUserEvent.h */,
				A1492E541531A3BA009FC40C /* NISTUserEvent.m */,
				439EBA93152642B700F254C5 /* NISTAppDelegate.h */,
				439EBA94152642B700F254C5 /* NISTAppDelegate.m */,
				A1BBF103153EE64900FE68EE /* NISTPerStringRolledUpData.h */,
				A1BBF104153EE64900FE68EE /* NISTPerStringRolledUpData.m */,
				439EBA96152642B700F254C5 /* NISTParticipantViewController.h */,
				439EBA97152642B700F254C5 /* NISTParticipantViewController.m */,
				439EBA99152642B700F254C5 /* NISTReadyViewController.h */,
				439EBA9A152642B700F254C5 /* NISTReadyViewController.m */,
				438E35E615265D790011703F /* NISTMemorizeViewController.h */,
				438E35E715265D790011703F /* NISTMemorizeViewController.m */,
				A16A141E152A562B00E14109 /* NISTVerifyViewController.h */,
				A16A141F152A562B00E14109 /* NISTVerifyViewController.m */,
				A16A1423152A5EBF00E14109 /* NISTTestViewController.h */,
				A16A1424152A5EBF00E14109 /* NISTTestViewController.m */,
				43795AD3152F63F300D35ABC /* NISTRecallViewController.h */,
				43795AD4152F63F300D35ABC /* NISTRecallViewController.m */,
				43795ACE152F622400D35ABC /* NISTThankYouViewController.h */,
				43795ACF152F622400D35ABC /* NISTThankYouViewController.m */,
				439EBA8B152642B700F254C5 /* Supporting Files */,
			);
			path = PasswordTest;
			sourceTree = "<group>";
		};
		439EBA8B152642B700F254C5 /* Supporting Files */ = {
			isa = PBXGroup;
			children = (
				439EBA9C152642B700F254C5 /* NISTParticipantView.xib */,
				439EBA9F152642B700F254C5 /* NISTReadyView.xib */,
				438E35E815265D790011703F /* NISTMemorizeViewController.xib */,
				A16A1420152A562B00E14109 /* NISTVerifyViewController.xib */,
				A16A1425152A5EBF00E14109 /* NISTTestViewController.xib */,
				43795ACA152F5F3A00D35ABC /* NISTRecallViewController.xib */,
				43795AD0152F622400D35ABC /* NISTThankYouViewController.xib */,
				439EBA8C152642B700F254C5 /* PasswordTest-Info.plist */,
				439EBA8D152642B700F254C5 /* InfoPlist.strings */,
				439EBA90152642B700F254C5 /* main.m */,
				439EBA92152642B700F254C5 /* PasswordTest-Prefix.pch */,
				439E245715361E7A00367DD3 /* background.png */,
				439E245815361E7A00367DD3 /* BlueButton.png */,
				430C63781538D7100028C2F9 /* icon.png */,
				439E245915361E7A00367DD3 /* BlueButtonTap.png */,
			);
			name = "Supporting Files";
			sourceTree = "<group>";
		};
/* End PBXGroup section */

/* Begin PBXNativeTarget section */
		439EBA7F152642B700F254C5 /* PasswordTest */ = {
			isa = PBXNativeTarget;
			buildConfigurationList = 439EBAA4152642B700F254C5 /* Build configuration list for PBXNativeTarget "PasswordTest" */;
			buildPhases = (
				439EBA7C152642B700F254C5 /* Sources */,
				439EBA7D152642B700F254C5 /* Frameworks */,
				439EBA7E152642B700F254C5 /* Resources */,
			);
			buildRules = (
			);
			dependencies = (
			);
			name = PasswordTest;
			productName = PasswordTest;
			productReference = 439EBA80152642B700F254C5 /* PasswordTest.app */;
			productType = "com.apple.product-type.application";
		};
/* End PBXNativeTarget section */

/* Begin PBXProject section */
		439EBA77152642B700F254C5 /* Project object */ = {
			isa = PBXProject;
			attributes = {
				CLASSPREFIX = NIST;
				LastUpgradeCheck = 0430;
			};
			buildConfigurationList = 439EBA7A152642B700F254C5 /* Build configuration list for PBXProject "PasswordTest" */;
			compatibilityVersion = "Xcode 3.2";
			developmentRegion = English;
			hasScannedForEncodings = 0;
			knownRegions = (
				en,
			);
			mainGroup = 439EBA75152642B700F254C5;
			productRefGroup = 439EBA81152642B700F254C5 /* Products */;
			projectDirPath = "";
			projectRoot = "";
			targets = (
				439EBA7F152642B700F254C5 /* PasswordTest */,
			);
		};
/* End PBXProject section */

/* Begin PBXResourcesBuildPhase section */
		439EBA7E152642B700F254C5 /* Resources */ = {
			isa = PBXResourcesBuildPhase;
			buildActionMask = 2147483647;
			files = (
				439EBA8F152642B700F254C5 /* InfoPlist.strings in Resources */,
				439EBA9E152642B700F254C5 /* NISTParticipantView.xib in Resources */,
				439EBAA1152642B700F254C5 /* NISTReadyView.xib in Resources */,
				438E35EA15265D790011703F /* NISTMemorizeViewController.xib in Resources */,
				A16A1422152A562C00E14109 /* NISTVerifyViewController.xib in Resources */,
				A16A1427152A5EBF00E14109 /* NISTTestViewController.xib in Resources */,
				43795ACC152F5F3A00D35ABC /* NISTRecallViewController.xib in Resources */,
				43795AD2152F622400D35ABC /* NISTThankYouViewController.xib in Resources */,
				439E245A15361E7A00367DD3 /* background.png in Resources */,
				439E245B15361E7A00367DD3 /* BlueButton.png in Resources */,
				439E245C15361E7A00367DD3 /* BlueButtonTap.png in Resources */,
				430C63791538D7100028C2F9 /* icon.png in Resources */,
				430C637B1538D7B50028C2F9 /* icon.png in Resources */,
			);
			runOnlyForDeploymentPostprocessing = 0;
		};
/* End PBXResourcesBuildPhase section */

/* Begin PBXSourcesBuildPhase section */
		439EBA7C152642B700F254C5 /* Sources */ = {
			isa = PBXSourcesBuildPhase;
			buildActionMask = 2147483647;
			files = (
				439EBA91152642B700F254C5 /* main.m in Sources */,
				439EBA95152642B700F254C5 /* NISTAppDelegate.m in Sources */,
				439EBA98152642B700F254C5 /* NISTParticipantViewController.m in Sources */,
				439EBA9B152642B700F254C5 /* NISTReadyViewController.m in Sources */,
				438E35E915265D790011703F /* NISTMemorizeViewController.m in Sources */,
				A16A1421152A562C00E14109 /* NISTVerifyViewController.m in Sources */,
				A16A1426152A5EBF00E14109 /* NISTTestViewController.m in Sources */,
				43795AD1152F622400D35ABC /* NISTThankYouViewController.m in Sources */,
				43795AD5152F63F300D35ABC /* NISTRecallViewController.m in Sources */,
				A1492E551531A3BA009FC40C /* NISTUserEvent.m in Sources */,
				A179B2CA1539BCDB003C5A8C /* NISTApplication.m in Sources */,
				A1BBF105153EE64900FE68EE /* NISTPerStringRolledUpData.m in Sources */,
			);
			runOnlyForDeploymentPostprocessing = 0;
		};
/* End PBXSourcesBuildPhase section */

/* Begin PBXVariantGroup section */
		43795ACA152F5F3A00D35ABC /* NISTRecallViewController.xib */ = {
			isa = PBXVariantGroup;
			children = (
				43795ACB152F5F3A00D35ABC /* en */,
			);
			name = NISTRecallViewController.xib;
			sourceTree = "<group>";
		};
		439EBA8D152642B700F254C5 /* InfoPlist.strings */ = {
			isa = PBXVariantGroup;
			children = (
				439EBA8E152642B700F254C5 /* en */,
			);
			name = InfoPlist.strings;
			sourceTree = "<group>";
		};
		439EBA9C152642B700F254C5 /* NISTParticipantView.xib */ = {
			isa = PBXVariantGroup;
			children = (
				439EBA9D152642B700F254C5 /* en */,
			);
			name = NISTParticipantView.xib;
			sourceTree = "<group>";
		};
		439EBA9F152642B700F254C5 /* NISTReadyView.xib */ = {
			isa = PBXVariantGroup;
			children = (
				439EBAA0152642B700F254C5 /* en */,
			);
			name = NISTReadyView.xib;
			sourceTree = "<group>";
		};
/* End PBXVariantGroup section */

/* Begin XCBuildConfiguration section */
		439EBAA2152642B700F254C5 /* Debug */ = {
			isa = XCBuildConfiguration;
			buildSettings = {
				ALWAYS_SEARCH_USER_PATHS = NO;
				ARCHS = "$(ARCHS_STANDARD_32_BIT)";
				CLANG_ENABLE_OBJC_ARC = YES;
				"CODE_SIGN_IDENTITY[sdk=iphoneos*]" = "iPhone Developer";
				COPY_PHASE_STRIP = NO;
				GCC_C_LANGUAGE_STANDARD = gnu99;
				GCC_DYNAMIC_NO_PIC = NO;
				GCC_OPTIMIZATION_LEVEL = 0;
				GCC_PREPROCESSOR_DEFINITIONS = (
					"DEBUG=1",
					"$(inherited)",
				);
				GCC_SYMBOLS_PRIVATE_EXTERN = NO;
				GCC_VERSION = com.apple.compilers.llvm.clang.1_0;
				GCC_WARN_ABOUT_RETURN_TYPE = YES;
				GCC_WARN_UNINITIALIZED_AUTOS = YES;
				GCC_WARN_UNUSED_VARIABLE = YES;
				IPHONEOS_DEPLOYMENT_TARGET = 5.1;
				SDKROOT = iphoneos;
			};
			name = Debug;
		};
		439EBAA3152642B700F254C5 /* Release */ = {
			isa = XCBuildConfiguration;
			buildSettings = {
				ALWAYS_SEARCH_USER_PATHS = NO;
				ARCHS = "$(ARCHS_STANDARD_32_BIT)";
				CLANG_ENABLE_OBJC_ARC = YES;
				"CODE_SIGN_IDENTITY[sdk=iphoneos*]" = "iPhone Developer";
				COPY_PHASE_STRIP = YES;
				GCC_C_LANGUAGE_STANDARD = gnu99;
				GCC_VERSION = com.apple.compilers.llvm.clang.1_0;
				GCC_WARN_ABOUT_RETURN_TYPE = YES;
				GCC_WARN_UNINITIALIZED_AUTOS = YES;
				GCC_WARN_UNUSED_VARIABLE = YES;
				IPHONEOS_DEPLOYMENT_TARGET = 5.1;
				OTHER_CFLAGS = "-DNS_BLOCK_ASSERTIONS=1";
				SDKROOT = iphoneos;
				VALIDATE_PRODUCT = YES;
			};
			name = Release;
		};
		439EBAA5152642B700F254C5 /* Debug */ = {
			isa = XCBuildConfiguration;
			buildSettings = {
				CLANG_ENABLE_OBJC_ARC = YES;
				GCC_PRECOMPILE_PREFIX_HEADER = YES;
				GCC_PREFIX_HEADER = "PasswordTest/PasswordTest-Prefix.pch";
				INFOPLIST_FILE = "PasswordTest/PasswordTest-Info.plist";
				IPHONEOS_DEPLOYMENT_TARGET = 6.1;
				PRODUCT_NAME = "$(TARGET_NAME)";
				TARGETED_DEVICE_FAMILY = 1;
				WRAPPER_EXTENSION = app;
			};
			name = Debug;
		};
		439EBAA6152642B700F254C5 /* Release */ = {
			isa = XCBuildConfiguration;
			buildSettings = {
				CLANG_ENABLE_OBJC_ARC = YES;
				GCC_PRECOMPILE_PREFIX_HEADER = YES;
				GCC_PREFIX_HEADER = "PasswordTest/PasswordTest-Prefix.pch";
				INFOPLIST_FILE = "PasswordTest/PasswordTest-Info.plist";
				IPHONEOS_DEPLOYMENT_TARGET = 6.1;
				PRODUCT_NAME = "$(TARGET_NAME)";
				TARGETED_DEVICE_FAMILY = 1;
				WRAPPER_EXTENSION = app;
			};
			name = Release;
		};
/* End XCBuildConfiguration section */

/* Begin XCConfigurationList section */
		439EBA7A152642B700F254C5 /* Build configuration list for PBXProject "PasswordTest" */ = {
			isa = XCConfigurationList;
			buildConfigurations = (
				439EBAA2152642B700F254C5 /* Debug */,
				439EBAA3152642B700F254C5 /* Release */,
			);
			defaultConfigurationIsVisible = 0;
			defaultConfigurationName = Release;
		};
		439EBAA4152642B700F254C5 /* Build configuration list for PBXNativeTarget "PasswordTest" */ = {
			isa = XCConfigurationList;
			buildConfigurations = (
				439EBAA5152642B700F254C5 /* Debug */,
				439EBAA6152642B700F254C5 /* Release */,
			);
			defaultConfigurationIsVisible = 0;
			defaultConfigurationName = Release;
		};
/* End XCConfigurationList section */
	};
	rootObject = 439EBA77152642B700F254C5 /* Project object */;
}
