// !$*UTF8*$!
{
	archiveVersion = 1;
	classes = {
	};
	objectVersion = 46;
	objects = {

/* Begin PBXBuildFile section */
		43BDB23015866E5000CB3A85 /* UIKit.framework in Frameworks */ = {isa = PBXBuildFile; fileRef = 43BDB22F15866E5000CB3A85 /* UIKit.framework */; };
		43BDB23215866E5000CB3A85 /* Foundation.framework in Frameworks */ = {isa = PBXBuildFile; fileRef = 43BDB23115866E5000CB3A85 /* Foundation.framework */; };
		43BDB23415866E5000CB3A85 /* CoreGraphics.framework in Frameworks */ = {isa = PBXBuildFile; fileRef = 43BDB23315866E5000CB3A85 /* CoreGraphics.framework */; };
		43BDB23A15866E5000CB3A85 /* InfoPlist.strings in Resources */ = {isa = PBXBuildFile; fileRef = 43BDB23815866E5000CB3A85 /* InfoPlist.strings */; };
		43BDB23C15866E5000CB3A85 /* main.m in Sources */ = {isa = PBXBuildFile; fileRef = 43BDB23B15866E5000CB3A85 /* main.m */; };
		43BDB24015866E5000CB3A85 /* NISTAppDelegate.m in Sources */ = {isa = PBXBuildFile; fileRef = 43BDB23F15866E5000CB3A85 /* NISTAppDelegate.m */; };
		43BDB24F15866F9800CB3A85 /* NISTVerifyViewController.m in Sources */ = {isa = PBXBuildFile; fileRef = 43BDB24C15866F9800CB3A85 /* NISTVerifyViewController.m */; };
		43BDB25015866F9800CB3A85 /* NISTTestViewController.m in Sources */ = {isa = PBXBuildFile; fileRef = 43BDB24D15866F9800CB3A85 /* NISTTestViewController.m */; };
		43BDB25115866F9800CB3A85 /* NISTRecallViewController.m in Sources */ = {isa = PBXBuildFile; fileRef = 43BDB24E15866F9800CB3A85 /* NISTRecallViewController.m */; };
		43BDB25C15866FAA00CB3A85 /* NISTApplication.m in Sources */ = {isa = PBXBuildFile; fileRef = 43BDB25215866FAA00CB3A85 /* NISTApplication.m */; };
		43BDB25D15866FAA00CB3A85 /* NISTMemorizeViewController.m in Sources */ = {isa = PBXBuildFile; fileRef = 43BDB25315866FAA00CB3A85 /* NISTMemorizeViewController.m */; };
		43BDB25E15866FAA00CB3A85 /* NISTParticipantViewController.m in Sources */ = {isa = PBXBuildFile; fileRef = 43BDB25415866FAA00CB3A85 /* NISTParticipantViewController.m */; };
		43BDB25F15866FAA00CB3A85 /* NISTReadyViewController.m in Sources */ = {isa = PBXBuildFile; fileRef = 43BDB25515866FAA00CB3A85 /* NISTReadyViewController.m */; };
		43BDB26015866FAA00CB3A85 /* NISTPerStringRolledUpData.m in Sources */ = {isa = PBXBuildFile; fileRef = 43BDB25615866FAA00CB3A85 /* NISTPerStringRolledUpData.m */; };
		43BDB26C15866FC400CB3A85 /* NISTThankYouViewController.m in Sources */ = {isa = PBXBuildFile; fileRef = 43BDB26315866FC400CB3A85 /* NISTThankYouViewController.m */; };
		43BDB26D15866FC400CB3A85 /* icon.png in Resources */ = {isa = PBXBuildFile; fileRef = 43BDB26415866FC400CB3A85 /* icon.png */; };
		43BDB26E15866FC400CB3A85 /* NISTUserEvent.m in Sources */ = {isa = PBXBuildFile; fileRef = 43BDB26615866FC400CB3A85 /* NISTUserEvent.m */; };
		43BDB26F15866FC400CB3A85 /* background.png in Resources */ = {isa = PBXBuildFile; fileRef = 43BDB26815866FC400CB3A85 /* background.png */; };
		43BDB27015866FC400CB3A85 /* BlueButton.png in Resources */ = {isa = PBXBuildFile; fileRef = 43BDB26A15866FC400CB3A85 /* BlueButton.png */; };
		43BDB27115866FC400CB3A85 /* BlueButtonTap.png in Resources */ = {isa = PBXBuildFile; fileRef = 43BDB26B15866FC400CB3A85 /* BlueButtonTap.png */; };
		43BDB28015866FD700CB3A85 /* NISTMemorizeViewController.xib in Resources */ = {isa = PBXBuildFile; fileRef = 43BDB27215866FD700CB3A85 /* NISTMemorizeViewController.xib */; };
		43BDB28115866FD700CB3A85 /* NISTRecallViewController.xib in Resources */ = {isa = PBXBuildFile; fileRef = 43BDB27415866FD700CB3A85 /* NISTRecallViewController.xib */; };
		43BDB28215866FD700CB3A85 /* NISTTestViewController.xib in Resources */ = {isa = PBXBuildFile; fileRef = 43BDB27615866FD700CB3A85 /* NISTTestViewController.xib */; };
		43BDB28315866FD700CB3A85 /* NISTThankYouViewController.xib in Resources */ = {isa = PBXBuildFile; fileRef = 43BDB27815866FD700CB3A85 /* NISTThankYouViewController.xib */; };
		43BDB28415866FD700CB3A85 /* NISTVerifyViewController.xib in Resources */ = {isa = PBXBuildFile; fileRef = 43BDB27A15866FD700CB3A85 /* NISTVerifyViewController.xib */; };
		43BDB28515866FD700CB3A85 /* NISTParticipantView.xib in Resources */ = {isa = PBXBuildFile; fileRef = 43BDB27C15866FD700CB3A85 /* NISTParticipantView.xib */; };
		43BDB28615866FD700CB3A85 /* NISTReadyView.xib in Resources */ = {isa = PBXBuildFile; fileRef = 43BDB27E15866FD700CB3A85 /* NISTReadyView.xib */; };
/* End PBXBuildFile section */

/* Begin PBXFileReference section */
		43BDB22B15866E5000CB3A85 /* PasswordPadTest.app */ = {isa = PBXFileReference; explicitFileType = wrapper.application; includeInIndex = 0; path = PasswordPadTest.app; sourceTree = BUILT_PRODUCTS_DIR; };
		43BDB22F15866E5000CB3A85 /* UIKit.framework */ = {isa = PBXFileReference; lastKnownFileType = wrapper.framework; name = UIKit.framework; path = System/Library/Frameworks/UIKit.framework; sourceTree = SDKROOT; };
		43BDB23115866E5000CB3A85 /* Foundation.framework */ = {isa = PBXFileReference; lastKnownFileType = wrapper.framework; name = Foundation.framework; path = System/Library/Frameworks/Foundation.framework; sourceTree = SDKROOT; };
		43BDB23315866E5000CB3A85 /* CoreGraphics.framework */ = {isa = PBXFileReference; lastKnownFileType = wrapper.framework; name = CoreGraphics.framework; path = System/Library/Frameworks/CoreGraphics.framework; sourceTree = SDKROOT; };
		43BDB23715866E5000CB3A85 /* PasswordPadTest-Info.plist */ = {isa = PBXFileReference; lastKnownFileType = text.plist.xml; path = "PasswordPadTest-Info.plist"; sourceTree = "<group>"; };
		43BDB23915866E5000CB3A85 /* en */ = {isa = PBXFileReference; lastKnownFileType = text.plist.strings; name = en; path = en.lproj/InfoPlist.strings; sourceTree = "<group>"; };
		43BDB23B15866E5000CB3A85 /* main.m */ = {isa = PBXFileReference; lastKnownFileType = sourcecode.c.objc; path = main.m; sourceTree = "<group>"; };
		43BDB23D15866E5000CB3A85 /* PasswordPadTest-Prefix.pch */ = {isa = PBXFileReference; lastKnownFileType = sourcecode.c.h; path = "PasswordPadTest-Prefix.pch"; sourceTree = "<group>"; };
		43BDB23E15866E5000CB3A85 /* NISTAppDelegate.h */ = {isa = PBXFileReference; lastKnownFileType = sourcecode.c.h; path = NISTAppDelegate.h; sourceTree = "<group>"; };
		43BDB23F15866E5000CB3A85 /* NISTAppDelegate.m */ = {isa = PBXFileReference; lastKnownFileType = sourcecode.c.objc; path = NISTAppDelegate.m; sourceTree = "<group>"; };
		43BDB24C15866F9800CB3A85 /* NISTVerifyViewController.m */ = {isa = PBXFileReference; fileEncoding = 4; lastKnownFileType = sourcecode.c.objc; path = NISTVerifyViewController.m; sourceTree = "<group>"; };
		43BDB24D15866F9800CB3A85 /* NISTTestViewController.m */ = {isa = PBXFileReference; fileEncoding = 4; lastKnownFileType = sourcecode.c.objc; path = NISTTestViewController.m; sourceTree = "<group>"; };
		43BDB24E15866F9800CB3A85 /* NISTRecallViewController.m */ = {isa = PBXFileReference; fileEncoding = 4; lastKnownFileType = sourcecode.c.objc; path = NISTRecallViewController.m; sourceTree = "<group>"; };
		43BDB25215866FAA00CB3A85 /* NISTApplication.m */ = {isa = PBXFileReference; fileEncoding = 4; lastKnownFileType = sourcecode.c.objc; path = NISTApplication.m; sourceTree = "<group>"; };
		43BDB25315866FAA00CB3A85 /* NISTMemorizeViewController.m */ = {isa = PBXFileReference; fileEncoding = 4; lastKnownFileType = sourcecode.c.objc; path = NISTMemorizeViewController.m; sourceTree = "<group>"; };
		43BDB25415866FAA00CB3A85 /* NISTParticipantViewController.m */ = {isa = PBXFileReference; fileEncoding = 4; lastKnownFileType = sourcecode.c.objc; path = NISTParticipantViewController.m; sourceTree = "<group>"; };
		43BDB25515866FAA00CB3A85 /* NISTReadyViewController.m */ = {isa = PBXFileReference; fileEncoding = 4; lastKnownFileType = sourcecode.c.objc; path = NISTReadyViewController.m; sourceTree = "<group>"; };
		43BDB25615866FAA00CB3A85 /* NISTPerStringRolledUpData.m */ = {isa = PBXFileReference; fileEncoding = 4; lastKnownFileType = sourcecode.c.objc; path = NISTPerStringRolledUpData.m; sourceTree = "<group>"; };
		43BDB25715866FAA00CB3A85 /* NISTPerStringRolledUpData.h */ = {isa = PBXFileReference; fileEncoding = 4; lastKnownFileType = sourcecode.c.h; path = NISTPerStringRolledUpData.h; sourceTree = "<group>"; };
		43BDB25815866FAA00CB3A85 /* NISTVerifyViewController.h */ = {isa = PBXFileReference; fileEncoding = 4; lastKnownFileType = sourcecode.c.h; path = NISTVerifyViewController.h; sourceTree = "<group>"; };
		43BDB25915866FAA00CB3A85 /* NISTApplication.h */ = {isa = PBXFileReference; fileEncoding = 4; lastKnownFileType = sourcecode.c.h; path = NISTApplication.h; sourceTree = "<group>"; };
		43BDB25A15866FAA00CB3A85 /* NISTTestViewController.h */ = {isa = PBXFileReference; fileEncoding = 4; lastKnownFileType = sourcecode.c.h; path = NISTTestViewController.h; sourceTree = "<group>"; };
		43BDB25B15866FAA00CB3A85 /* NISTRecallViewController.h */ = {isa = PBXFileReference; fileEncoding = 4; lastKnownFileType = sourcecode.c.h; path = NISTRecallViewController.h; sourceTree = "<group>"; };
		43BDB26115866FC400CB3A85 /* NISTMemorizeViewController.h */ = {isa = PBXFileReference; fileEncoding = 4; lastKnownFileType = sourcecode.c.h; path = NISTMemorizeViewController.h; sourceTree = "<group>"; };
		43BDB26215866FC400CB3A85 /* NISTParticipantViewController.h */ = {isa = PBXFileReference; fileEncoding = 4; lastKnownFileType = sourcecode.c.h; path = NISTParticipantViewController.h; sourceTree = "<group>"; };
		43BDB26315866FC400CB3A85 /* NISTThankYouViewController.m */ = {isa = PBXFileReference; fileEncoding = 4; lastKnownFileType = sourcecode.c.objc; path = NISTThankYouViewController.m; sourceTree = "<group>"; };
		43BDB26415866FC400CB3A85 /* icon.png */ = {isa = PBXFileReference; lastKnownFileType = image.png; path = icon.png; sourceTree = "<group>"; };
		43BDB26515866FC400CB3A85 /* NISTUserEvent.h */ = {isa = PBXFileReference; fileEncoding = 4; lastKnownFileType = sourcecode.c.h; path = NISTUserEvent.h; sourceTree = "<group>"; };
		43BDB26615866FC400CB3A85 /* NISTUserEvent.m */ = {isa = PBXFileReference; fileEncoding = 4; lastKnownFileType = sourcecode.c.objc; path = NISTUserEvent.m; sourceTree = "<group>"; };
		43BDB26715866FC400CB3A85 /* NISTReadyViewController.h */ = {isa = PBXFileReference; fileEncoding = 4; lastKnownFileType = sourcecode.c.h; path = NISTReadyViewController.h; sourceTree = "<group>"; };
		43BDB26815866FC400CB3A85 /* background.png */ = {isa = PBXFileReference; lastKnownFileType = image.png; path = background.png; sourceTree = "<group>"; };
		43BDB26915866FC400CB3A85 /* NISTThankYouViewController.h */ = {isa = PBXFileReference; fileEncoding = 4; lastKnownFileType = sourcecode.c.h; path = NISTThankYouViewController.h; sourceTree = "<group>"; };
		43BDB26A15866FC400CB3A85 /* BlueButton.png */ = {isa = PBXFileReference; lastKnownFileType = image.png; path = BlueButton.png; sourceTree = "<group>"; };
		43BDB26B15866FC400CB3A85 /* BlueButtonTap.png */ = {isa = PBXFileReference; lastKnownFileType = image.png; path = BlueButtonTap.png; sourceTree = "<group>"; };
		43BDB27315866FD700CB3A85 /* en */ = {isa = PBXFileReference; lastKnownFileType = file.xib; name = en; path = PasswordPadTest/en.lproj/NISTMemorizeViewController.xib; sourceTree = "<group>"; };
		43BDB27515866FD700CB3A85 /* en */ = {isa = PBXFileReference; lastKnownFileType = file.xib; name = en; path = PasswordPadTest/en.lproj/NISTRecallViewController.xib; sourceTree = "<group>"; };
		43BDB27715866FD700CB3A85 /* en */ = {isa = PBXFileReference; lastKnownFileType = file.xib; name = en; path = PasswordPadTest/en.lproj/NISTTestViewController.xib; sourceTree = "<group>"; };
		43BDB27915866FD700CB3A85 /* en */ = {isa = PBXFileReference; lastKnownFileType = file.xib; name = en; path = PasswordPadTest/en.lproj/NISTThankYouViewController.xib; sourceTree = "<group>"; };
		43BDB27B15866FD700CB3A85 /* en */ = {isa = PBXFileReference; lastKnownFileType = file.xib; name = en; path = PasswordPadTest/en.lproj/NISTVerifyViewController.xib; sourceTree = "<group>"; };
		43BDB27D15866FD700CB3A85 /* en */ = {isa = PBXFileReference; lastKnownFileType = file.xib; name = en; path = PasswordPadTest/en.lproj/NISTParticipantView.xib; sourceTree = "<group>"; };
		43BDB27F15866FD700CB3A85 /* en */ = {isa = PBXFileReference; lastKnownFileType = file.xib; name = en; path = PasswordPadTest/en.lproj/NISTReadyView.xib; sourceTree = "<group>"; };
/* End PBXFileReference section */

/* Begin PBXFrameworksBuildPhase section */
		43BDB22815866E5000CB3A85 /* Frameworks */ = {
			isa = PBXFrameworksBuildPhase;
			buildActionMask = 2147483647;
			files = (
				43BDB23015866E5000CB3A85 /* UIKit.framework in Frameworks */,
				43BDB23215866E5000CB3A85 /* Foundation.framework in Frameworks */,
				43BDB23415866E5000CB3A85 /* CoreGraphics.framework in Frameworks */,
			);
			runOnlyForDeploymentPostprocessing = 0;
		};
/* End PBXFrameworksBuildPhase section */

/* Begin PBXGroup section */
		43BDB22015866E5000CB3A85 = {
			isa = PBXGroup;
			children = (
				43BDB23515866E5000CB3A85 /* PasswordPadTest */,
				43BDB22E15866E5000CB3A85 /* Frameworks */,
				43BDB22C15866E5000CB3A85 /* Products */,
			);
			sourceTree = "<group>";
		};
		43BDB22C15866E5000CB3A85 /* Products */ = {
			isa = PBXGroup;
			children = (
				43BDB22B15866E5000CB3A85 /* PasswordPadTest.app */,
			);
			name = Products;
			sourceTree = "<group>";
		};
		43BDB22E15866E5000CB3A85 /* Frameworks */ = {
			isa = PBXGroup;
			children = (
				43BDB22F15866E5000CB3A85 /* UIKit.framework */,
				43BDB23115866E5000CB3A85 /* Foundation.framework */,
				43BDB23315866E5000CB3A85 /* CoreGraphics.framework */,
			);
			name = Frameworks;
			sourceTree = "<group>";
		};
		43BDB23515866E5000CB3A85 /* PasswordPadTest */ = {
			isa = PBXGroup;
			children = (
				43BDB26915866FC400CB3A85 /* NISTThankYouViewController.h */,
				43BDB26615866FC400CB3A85 /* NISTUserEvent.m */,
				43BDB26515866FC400CB3A85 /* NISTUserEvent.h */,
				43BDB26715866FC400CB3A85 /* NISTReadyViewController.h */,
				43BDB25215866FAA00CB3A85 /* NISTApplication.m */,
				43BDB25315866FAA00CB3A85 /* NISTMemorizeViewController.m */,
				43BDB25415866FAA00CB3A85 /* NISTParticipantViewController.m */,
				43BDB25515866FAA00CB3A85 /* NISTReadyViewController.m */,
				43BDB25615866FAA00CB3A85 /* NISTPerStringRolledUpData.m */,
				43BDB25715866FAA00CB3A85 /* NISTPerStringRolledUpData.h */,
				43BDB25815866FAA00CB3A85 /* NISTVerifyViewController.h */,
				43BDB25915866FAA00CB3A85 /* NISTApplication.h */,
				43BDB25A15866FAA00CB3A85 /* NISTTestViewController.h */,
				43BDB25B15866FAA00CB3A85 /* NISTRecallViewController.h */,
				43BDB24C15866F9800CB3A85 /* NISTVerifyViewController.m */,
				43BDB24D15866F9800CB3A85 /* NISTTestViewController.m */,
				43BDB24E15866F9800CB3A85 /* NISTRecallViewController.m */,
				43BDB26115866FC400CB3A85 /* NISTMemorizeViewController.h */,
				43BDB26215866FC400CB3A85 /* NISTParticipantViewController.h */,
				43BDB26315866FC400CB3A85 /* NISTThankYouViewController.m */,
				43BDB23E15866E5000CB3A85 /* NISTAppDelegate.h */,
				43BDB23F15866E5000CB3A85 /* NISTAppDelegate.m */,
				43BDB23615866E5000CB3A85 /* Supporting Files */,
			);
			path = PasswordPadTest;
			sourceTree = "<group>";
		};
		43BDB23615866E5000CB3A85 /* Supporting Files */ = {
			isa = PBXGroup;
			children = (
				43BDB26415866FC400CB3A85 /* icon.png */,
				43BDB26815866FC400CB3A85 /* background.png */,
				43BDB26A15866FC400CB3A85 /* BlueButton.png */,
				43BDB26B15866FC400CB3A85 /* BlueButtonTap.png */,
				43BDB27215866FD700CB3A85 /* NISTMemorizeViewController.xib */,
				43BDB27415866FD700CB3A85 /* NISTRecallViewController.xib */,
				43BDB27615866FD700CB3A85 /* NISTTestViewController.xib */,
				43BDB27815866FD700CB3A85 /* NISTThankYouViewController.xib */,
				43BDB27A15866FD700CB3A85 /* NISTVerifyViewController.xib */,
				43BDB27C15866FD700CB3A85 /* NISTParticipantView.xib */,
				43BDB27E15866FD700CB3A85 /* NISTReadyView.xib */,
				43BDB23715866E5000CB3A85 /* PasswordPadTest-Info.plist */,
				43BDB23815866E5000CB3A85 /* InfoPlist.strings */,
				43BDB23B15866E5000CB3A85 /* main.m */,
				43BDB23D15866E5000CB3A85 /* PasswordPadTest-Prefix.pch */,
			);
			name = "Supporting Files";
			sourceTree = "<group>";
		};
/* End PBXGroup section */

/* Begin PBXNativeTarget section */
		43BDB22A15866E5000CB3A85 /* PasswordPadTest */ = {
			isa = PBXNativeTarget;
			buildConfigurationList = 43BDB24915866E5100CB3A85 /* Build configuration list for PBXNativeTarget "PasswordPadTest" */;
			buildPhases = (
				43BDB22715866E5000CB3A85 /* Sources */,
				43BDB22815866E5000CB3A85 /* Frameworks */,
				43BDB22915866E5000CB3A85 /* Resources */,
			);
			buildRules = (
			);
			dependencies = (
			);
			name = PasswordPadTest;
			productName = PasswordPadTest;
			productReference = 43BDB22B15866E5000CB3A85 /* PasswordPadTest.app */;
			productType = "com.apple.product-type.application";
		};
/* End PBXNativeTarget section */

/* Begin PBXProject section */
		43BDB22215866E5000CB3A85 /* Project object */ = {
			isa = PBXProject;
			attributes = {
				CLASSPREFIX = NIST;
				LastUpgradeCheck = 0430;
				ORGANIZATIONNAME = "Booz Allen Hamilton";
			};
			buildConfigurationList = 43BDB22515866E5000CB3A85 /* Build configuration list for PBXProject "PasswordPadTest" */;
			compatibilityVersion = "Xcode 3.2";
			developmentRegion = English;
			hasScannedForEncodings = 0;
			knownRegions = (
				en,
			);
			mainGroup = 43BDB22015866E5000CB3A85;
			productRefGroup = 43BDB22C15866E5000CB3A85 /* Products */;
			projectDirPath = "";
			projectRoot = "";
			targets = (
				43BDB22A15866E5000CB3A85 /* PasswordPadTest */,
			);
		};
/* End PBXProject section */

/* Begin PBXResourcesBuildPhase section */
		43BDB22915866E5000CB3A85 /* Resources */ = {
			isa = PBXResourcesBuildPhase;
			buildActionMask = 2147483647;
			files = (
				43BDB23A15866E5000CB3A85 /* InfoPlist.strings in Resources */,
				43BDB26D15866FC400CB3A85 /* icon.png in Resources */,
				43BDB26F15866FC400CB3A85 /* background.png in Resources */,
				43BDB27015866FC400CB3A85 /* BlueButton.png in Resources */,
				43BDB27115866FC400CB3A85 /* BlueButtonTap.png in Resources */,
				43BDB28015866FD700CB3A85 /* NISTMemorizeViewController.xib in Resources */,
				43BDB28115866FD700CB3A85 /* NISTRecallViewController.xib in Resources */,
				43BDB28215866FD700CB3A85 /* NISTTestViewController.xib in Resources */,
				43BDB28315866FD700CB3A85 /* NISTThankYouViewController.xib in Resources */,
				43BDB28415866FD700CB3A85 /* NISTVerifyViewController.xib in Resources */,
				43BDB28515866FD700CB3A85 /* NISTParticipantView.xib in Resources */,
				43BDB28615866FD700CB3A85 /* NISTReadyView.xib in Resources */,
			);
			runOnlyForDeploymentPostprocessing = 0;
		};
/* End PBXResourcesBuildPhase section */

/* Begin PBXSourcesBuildPhase section */
		43BDB22715866E5000CB3A85 /* Sources */ = {
			isa = PBXSourcesBuildPhase;
			buildActionMask = 2147483647;
			files = (
				43BDB23C15866E5000CB3A85 /* main.m in Sources */,
				43BDB24015866E5000CB3A85 /* NISTAppDelegate.m in Sources */,
				43BDB24F15866F9800CB3A85 /* NISTVerifyViewController.m in Sources */,
				43BDB25015866F9800CB3A85 /* NISTTestViewController.m in Sources */,
				43BDB25115866F9800CB3A85 /* NISTRecallViewController.m in Sources */,
				43BDB25C15866FAA00CB3A85 /* NISTApplication.m in Sources */,
				43BDB25D15866FAA00CB3A85 /* NISTMemorizeViewController.m in Sources */,
				43BDB25E15866FAA00CB3A85 /* NISTParticipantViewController.m in Sources */,
				43BDB25F15866FAA00CB3A85 /* NISTReadyViewController.m in Sources */,
				43BDB26015866FAA00CB3A85 /* NISTPerStringRolledUpData.m in Sources */,
				43BDB26C15866FC400CB3A85 /* NISTThankYouViewController.m in Sources */,
				43BDB26E15866FC400CB3A85 /* NISTUserEvent.m in Sources */,
			);
			runOnlyForDeploymentPostprocessing = 0;
		};
/* End PBXSourcesBuildPhase section */

/* Begin PBXVariantGroup section */
		43BDB23815866E5000CB3A85 /* InfoPlist.strings */ = {
			isa = PBXVariantGroup;
			children = (
				43BDB23915866E5000CB3A85 /* en */,
			);
			name = InfoPlist.strings;
			sourceTree = "<group>";
		};
		43BDB27215866FD700CB3A85 /* NISTMemorizeViewController.xib */ = {
			isa = PBXVariantGroup;
			children = (
				43BDB27315866FD700CB3A85 /* en */,
			);
			name = NISTMemorizeViewController.xib;
			path = ..;
			sourceTree = "<group>";
		};
		43BDB27415866FD700CB3A85 /* NISTRecallViewController.xib */ = {
			isa = PBXVariantGroup;
			children = (
				43BDB27515866FD700CB3A85 /* en */,
			);
			name = NISTRecallViewController.xib;
			path = ..;
			sourceTree = "<group>";
		};
		43BDB27615866FD700CB3A85 /* NISTTestViewController.xib */ = {
			isa = PBXVariantGroup;
			children = (
				43BDB27715866FD700CB3A85 /* en */,
			);
			name = NISTTestViewController.xib;
			path = ..;
			sourceTree = "<group>";
		};
		43BDB27815866FD700CB3A85 /* NISTThankYouViewController.xib */ = {
			isa = PBXVariantGroup;
			children = (
				43BDB27915866FD700CB3A85 /* en */,
			);
			name = NISTThankYouViewController.xib;
			path = ..;
			sourceTree = "<group>";
		};
		43BDB27A15866FD700CB3A85 /* NISTVerifyViewController.xib */ = {
			isa = PBXVariantGroup;
			children = (
				43BDB27B15866FD700CB3A85 /* en */,
			);
			name = NISTVerifyViewController.xib;
			path = ..;
			sourceTree = "<group>";
		};
		43BDB27C15866FD700CB3A85 /* NISTParticipantView.xib */ = {
			isa = PBXVariantGroup;
			children = (
				43BDB27D15866FD700CB3A85 /* en */,
			);
			name = NISTParticipantView.xib;
			path = ..;
			sourceTree = "<group>";
		};
		43BDB27E15866FD700CB3A85 /* NISTReadyView.xib */ = {
			isa = PBXVariantGroup;
			children = (
				43BDB27F15866FD700CB3A85 /* en */,
			);
			name = NISTReadyView.xib;
			path = ..;
			sourceTree = "<group>";
		};
/* End PBXVariantGroup section */

/* Begin XCBuildConfiguration section */
		43BDB24715866E5100CB3A85 /* Debug */ = {
			isa = XCBuildConfiguration;
			buildSettings = {
				ALWAYS_SEARCH_USER_PATHS = NO;
				ARCHS = "$(ARCHS_STANDARD_32_BIT)";
				CLANG_ENABLE_OBJC_ARC = YES;
				"CODE_SIGN_IDENTITY[sdk=iphoneos*]" = "iPhone Developer";
				COPY_PHASE_STRIP = NO;
				GCC_C_LANGUAGE_STANDARD = gnu99;
				GCC_DYNAMIC_NO_PIC = NO;
				GCC_OPTIMIZATION_LEVEL = 0;
				GCC_PREPROCESSOR_DEFINITIONS = (
					"DEBUG=1",
					"$(inherited)",
				);
				GCC_SYMBOLS_PRIVATE_EXTERN = NO;
				GCC_VERSION = com.apple.compilers.llvm.clang.1_0;
				GCC_WARN_ABOUT_RETURN_TYPE = YES;
				GCC_WARN_UNINITIALIZED_AUTOS = YES;
				GCC_WARN_UNUSED_VARIABLE = YES;
				IPHONEOS_DEPLOYMENT_TARGET = 5.1;
				SDKROOT = iphoneos;
				TARGETED_DEVICE_FAMILY = 2;
			};
			name = Debug;
		};
		43BDB24815866E5100CB3A85 /* Release */ = {
			isa = XCBuildConfiguration;
			buildSettings = {
				ALWAYS_SEARCH_USER_PATHS = NO;
				ARCHS = "$(ARCHS_STANDARD_32_BIT)";
				CLANG_ENABLE_OBJC_ARC = YES;
				"CODE_SIGN_IDENTITY[sdk=iphoneos*]" = "iPhone Developer";
				COPY_PHASE_STRIP = YES;
				GCC_C_LANGUAGE_STANDARD = gnu99;
				GCC_VERSION = com.apple.compilers.llvm.clang.1_0;
				GCC_WARN_ABOUT_RETURN_TYPE = YES;
				GCC_WARN_UNINITIALIZED_AUTOS = YES;
				GCC_WARN_UNUSED_VARIABLE = YES;
				IPHONEOS_DEPLOYMENT_TARGET = 5.1;
				OTHER_CFLAGS = "-DNS_BLOCK_ASSERTIONS=1";
				SDKROOT = iphoneos;
				TARGETED_DEVICE_FAMILY = 2;
				VALIDATE_PRODUCT = YES;
			};
			name = Release;
		};
		43BDB24A15866E5100CB3A85 /* Debug */ = {
			isa = XCBuildConfiguration;
			buildSettings = {
				GCC_PRECOMPILE_PREFIX_HEADER = YES;
				GCC_PREFIX_HEADER = "PasswordPadTest/PasswordPadTest-Prefix.pch";
				INFOPLIST_FILE = "PasswordPadTest/PasswordPadTest-Info.plist";
				PRODUCT_NAME = "$(TARGET_NAME)";
				WRAPPER_EXTENSION = app;
			};
			name = Debug;
		};
		43BDB24B15866E5100CB3A85 /* Release */ = {
			isa = XCBuildConfiguration;
			buildSettings = {
				GCC_PRECOMPILE_PREFIX_HEADER = YES;
				GCC_PREFIX_HEADER = "PasswordPadTest/PasswordPadTest-Prefix.pch";
				INFOPLIST_FILE = "PasswordPadTest/PasswordPadTest-Info.plist";
				PRODUCT_NAME = "$(TARGET_NAME)";
				WRAPPER_EXTENSION = app;
			};
			name = Release;
		};
/* End XCBuildConfiguration section */

/* Begin XCConfigurationList section */
		43BDB22515866E5000CB3A85 /* Build configuration list for PBXProject "PasswordPadTest" */ = {
			isa = XCConfigurationList;
			buildConfigurations = (
				43BDB24715866E5100CB3A85 /* Debug */,
				43BDB24815866E5100CB3A85 /* Release */,
			);
			defaultConfigurationIsVisible = 0;
			defaultConfigurationName = Release;
		};
		43BDB24915866E5100CB3A85 /* Build configuration list for PBXNativeTarget "PasswordPadTest" */ = {
			isa = XCConfigurationList;
			buildConfigurations = (
				43BDB24A15866E5100CB3A85 /* Debug */,
				43BDB24B15866E5100CB3A85 /* Release */,
			);
			defaultConfigurationIsVisible = 0;
			defaultConfigurationName = Release;
		};
/* End XCConfigurationList section */
	};
	rootObject = 43BDB22215866E5000CB3A85 /* Project object */;
}
